
Microsoft Visual Studio Solution File, Format Version 12.00
# Visual Studio Version 17
VisualStudioVersion = 17.2.32519.379
MinimumVisualStudioVersion = 10.0.40219.1
Project("{2150E333-8FDC-42A3-9474-1A3956D46DE8}") = "Services", "Services", "{DA8ADDCA-86C2-4F62-AB6A-1F7D57114D26}"
EndProject
Project("{2150E333-8FDC-42A3-9474-1A3956D46DE8}") = "Catalog", "Catalog", "{BFF669A6-49BE-474B-8A3C-E5239F52CF1A}"
EndProject
Project("{9A19103F-16F7-4668-BE54-9A1E7A4F7556}") = "FreeCourse.Services.Catalog", "Services\Catalog\FreeCourse.Services.Catalog\FreeCourse.Services.Catalog.csproj", "{B98EB398-A4E9-4663-89B4-E377B00D25B3}"
EndProject
Project("{2150E333-8FDC-42A3-9474-1A3956D46DE8}") = "Solution Items", "Solution Items", "{A480B396-ED29-4826-9ECC-5EE492094B8E}"
	ProjectSection(SolutionItems) = preProject
		Ports.txt = Ports.txt
	EndProjectSection
EndProject
Project("{2150E333-8FDC-42A3-9474-1A3956D46DE8}") = "Shared", "Shared", "{BDBDC05D-A95C-4CD7-BE80-82D6B626D565}"
EndProject
Project("{9A19103F-16F7-4668-BE54-9A1E7A4F7556}") = "FreeCourse.Shared", "Shared\FreeCourse.Shared\FreeCourse.Shared.csproj", "{F6705207-D068-4BD8-9407-8083223097AC}"
EndProject
Project("{2150E333-8FDC-42A3-9474-1A3956D46DE8}") = "IdentityServer", "IdentityServer", "{9E77EA1F-96B1-4F53-8025-5B190E54176A}"
EndProject
Project("{9A19103F-16F7-4668-BE54-9A1E7A4F7556}") = "FreeCourse.IdentityServer", "IdentityServer\FreeCourse.IdentityServer\FreeCourse.IdentityServer.csproj", "{806CAAC6-AE4A-478C-8B13-7D45E451A544}"
EndProject
Global
	GlobalSection(SolutionConfigurationPlatforms) = preSolution
		Debug|Any CPU = Debug|Any CPU
		Release|Any CPU = Release|Any CPU
	EndGlobalSection
	GlobalSection(ProjectConfigurationPlatforms) = postSolution
		{B98EB398-A4E9-4663-89B4-E377B00D25B3}.Debug|Any CPU.ActiveCfg = Debug|Any CPU
		{B98EB398-A4E9-4663-89B4-E377B00D25B3}.Debug|Any CPU.Build.0 = Debug|Any CPU
		{B98EB398-A4E9-4663-89B4-E377B00D25B3}.Release|Any CPU.ActiveCfg = Release|Any CPU
		{B98EB398-A4E9-4663-89B4-E377B00D25B3}.Release|Any CPU.Build.0 = Release|Any CPU
		{F6705207-D068-4BD8-9407-8083223097AC}.Debug|Any CPU.ActiveCfg = Debug|Any CPU
		{F6705207-D068-4BD8-9407-8083223097AC}.Debug|Any CPU.Build.0 = Debug|Any CPU
		{F6705207-D068-4BD8-9407-8083223097AC}.Release|Any CPU.ActiveCfg = Release|Any CPU
		{F6705207-D068-4BD8-9407-8083223097AC}.Release|Any CPU.Build.0 = Release|Any CPU
		{806CAAC6-AE4A-478C-8B13-7D45E451A544}.Debug|Any CPU.ActiveCfg = Debug|Any CPU
		{806CAAC6-AE4A-478C-8B13-7D45E451A544}.Debug|Any CPU.Build.0 = Debug|Any CPU
		{806CAAC6-AE4A-478C-8B13-7D45E451A544}.Release|Any CPU.ActiveCfg = Release|Any CPU
		{806CAAC6-AE4A-478C-8B13-7D45E451A544}.Release|Any CPU.Build.0 = Release|Any CPU
	EndGlobalSection
	GlobalSection(SolutionProperties) = preSolution
		HideSolutionNode = FALSE
	EndGlobalSection
	GlobalSection(NestedProjects) = preSolution
		{BFF669A6-49BE-474B-8A3C-E5239F52CF1A} = {DA8ADDCA-86C2-4F62-AB6A-1F7D57114D26}
		{B98EB398-A4E9-4663-89B4-E377B00D25B3} = {BFF669A6-49BE-474B-8A3C-E5239F52CF1A}
		{F6705207-D068-4BD8-9407-8083223097AC} = {BDBDC05D-A95C-4CD7-BE80-82D6B626D565}
		{806CAAC6-AE4A-478C-8B13-7D45E451A544} = {9E77EA1F-96B1-4F53-8025-5B190E54176A}
	EndGlobalSection
	GlobalSection(ExtensibilityGlobals) = postSolution
		SolutionGuid = {216C03C7-2116-4272-88FA-55B8633D76FC}
	EndGlobalSection
EndGlobal
